dependencies:
  espressif/dhara:
    component_hash: 88968cff2e88853a29366ad556e9c27596d18e15028b6e9f3cd627665f914440
    dependencies: []
    source:
      registry_url: https://components.espressif.com/
      type: service
    version: 1.0.0
  idf:
    source:
      type: idf
    version: 6.0.1
direct_dependencies:
- espressif/dhara
- idf
manifest_hash: 6f4972c0cd856d2015cba9831063a6a730deae8bd16edbea178fa4c6411182a3
target: esp32p4
version: 3.0.0
